{
    "_readme": [
        "This file locks the dependencies of your project to a known state",
        "Read more about it at https://getcomposer.org/doc/01-basic-usage.md#composer-lock-the-lock-file",
        "This file is @generated automatically"
    ],
    "content-hash": "e9339c530b034d2d69cd332766b1aa8f",
    "packages": [
        {
            "name": "google/protobuf",
            "version": "v3.8.0",
            "source": {
                "type": "git",
                "url": "https://github.com/protocolbuffers/protobuf-php.git",
                "reference": "a257235dc1a0d45f8cfc641d0c2ad852f57396c4"
            },
            "dist": {
                "type": "zip",
                "url": "https://api.github.com/repos/protocolbuffers/protobuf-php/zipball/a257235dc1a0d45f8cfc641d0c2ad852f57396c4",
                "reference": "a257235dc1a0d45f8cfc641d0c2ad852f57396c4",
                "shasum": ""
            },
            "require": {
                "php": ">=5.5.0"
            },
            "require-dev": {
                "phpunit/phpunit": ">=4.8.0"
            },
            "suggest": {
                "ext-bcmath": "Need to support JSON deserialization"
            },
            "type": "library",
            "autoload": {
                "psr-4": {
                    "Google\\Protobuf\\": "src/Google/Protobuf",
                    "GPBMetadata\\Google\\Protobuf\\": "src/GPBMetadata/Google/Protobuf"
                }
            },
            "notification-url": "https://packagist.org/downloads/",
            "license": [
                "BSD-3-Clause"
            ],
            "description": "proto library for PHP",
            "homepage": "https://developers.google.com/protocol-buffers/",
            "keywords": [
                "proto"
            ],
            "time": "2019-05-29T00:06:29+00:00"
        },
        {
            "name": "grpc/grpc",
            "version": "1.19.0",
            "source": {
                "type": "git",
                "url": "https://github.com/grpc/grpc-php.git",
                "reference": "0f1ffdde45bfb9257c5d9eab81695d0f042bea22"
            },
            "dist": {
                "type": "zip",
                "url": "https://api.github.com/repos/grpc/grpc-php/zipball/0f1ffdde45bfb9257c5d9eab81695d0f042bea22",
                "reference": "0f1ffdde45bfb9257c5d9eab81695d0f042bea22",
                "shasum": ""
            },
            "require": {
                "php": ">=5.5.0"
            },
            "require-dev": {
                "google/auth": "^v1.3.0"
            },
            "suggest": {
                "ext-protobuf": "For better performance, install the protobuf C extension.",
                "google/protobuf": "To get started using grpc quickly, install the native protobuf library."
            },
            "type": "library",
            "autoload": {
                "psr-4": {
                    "Grpc\\": "src/lib/"
                }
            },
            "notification-url": "https://packagist.org/downloads/",
            "license": [
                "Apache-2.0"
            ],
            "description": "gRPC library for PHP",
            "homepage": "https://grpc.io",
            "keywords": [
                "rpc"
            ],
            "time": "2019-02-27T04:47:56+00:00"
        }
    ],
    "packages-dev": [],
    "aliases": [],
    "minimum-stability": "stable",
    "stability-flags": [],
    "prefer-stable": false,
    "prefer-lowest": false,
    "platform": {
        "php": ">=5.5.0"
    },
    "platform-dev": []
}
